
Microsoft Visual Studio Solution File, Format Version 12.00
# Visual Studio Version 17
VisualStudioVersion = 17.14.36623.8 d17.14
MinimumVisualStudioVersion = 10.0.40219.1
Project("{FAE04EC0-301F-11D3-BF4B-00C04F79EFBC}") = "TeamGenerator", "TeamGenerator.csproj", "{6632A66C-CA71-45EC-B4F7-56E1E6706698}"
EndProject
Global
	GlobalSection(SolutionConfigurationPlatforms) = preSolution
		Debug|Any CPU = Debug|Any CPU
		Release|Any CPU = Release|Any CPU
	EndGlobalSection
	GlobalSection(ProjectConfigurationPlatforms) = postSolution
		{6632A66C-CA71-45EC-B4F7-56E1E6706698}.Debug|Any CPU.ActiveCfg = Debug|Any CPU
		{6632A66C-CA71-45EC-B4F7-56E1E6706698}.Debug|Any CPU.Build.0 = Debug|Any CPU
		{6632A66C-CA71-45EC-B4F7-56E1E6706698}.Release|Any CPU.ActiveCfg = Release|Any CPU
		{6632A66C-CA71-45EC-B4F7-56E1E6706698}.Release|Any CPU.Build.0 = Release|Any CPU
	EndGlobalSection
	GlobalSection(SolutionProperties) = preSolution
		HideSolutionNode = FALSE
	EndGlobalSection
	GlobalSection(ExtensibilityGlobals) = postSolution
		SolutionGuid = {81FFA506-F09F-4F51-AB87-B56E50DE774A}
	EndGlobalSection
EndGlobal
